
Microsoft Visual Studio Solution File, Format Version 12.00
# Visual Studio Version 17
VisualStudioVersion = 17.10.35027.167
MinimumVisualStudioVersion = 10.0.40219.1
Project("{2150E333-8FDC-42A3-9474-1A3956D46DE8}") = "SimpleMessaging", "SimpleMessaging", "{7413C349-9E7D-4FB0-8CEF-45B2E907A7CC}"
EndProject
Project("{FAE04EC0-301F-11D3-BF4B-00C04F79EFBC}") = "RabbitMQ.SimpleMessaging.Consumer", "SimpleMessaging\RabbitMQ.SimpleMessaging.Consumer\RabbitMQ.SimpleMessaging.Consumer.csproj", "{9BF4F8A9-E2D4-48BE-8D22-03A081AC81C6}"
EndProject
Project("{FAE04EC0-301F-11D3-BF4B-00C04F79EFBC}") = "RabbitMQ.SimpleMessaging.Publisher", "SimpleMessaging\RabbitMQ.SimpleMessaging.Publisher\RabbitMQ.SimpleMessaging.Publisher.csproj", "{213E6E1D-83D5-4733-AFCE-713407FAEEA8}"
EndProject
Project("{2150E333-8FDC-42A3-9474-1A3956D46DE8}") = "Exchanges", "Exchanges", "{BF151BDB-29D8-4802-BEC0-14953E12247A}"
EndProject
Project("{2150E333-8FDC-42A3-9474-1A3956D46DE8}") = "DirectExchange", "DirectExchange", "{4F5EA48F-DFC8-4842-98C5-6F0E2C66C694}"
EndProject
Project("{FAE04EC0-301F-11D3-BF4B-00C04F79EFBC}") = "RabbitMQ.Exchanges.DirectExchange.Publisher", "Exchanges\DirectExchange\RabbitMQ.Exchanges.DirectExchange.Publisher\RabbitMQ.Exchanges.DirectExchange.Publisher.csproj", "{DFE318AC-7FD9-48C1-BFEB-428B4E526450}"
EndProject
Project("{FAE04EC0-301F-11D3-BF4B-00C04F79EFBC}") = "RabbitMQ.Exchanges.DirectExchange.Consumer", "Exchanges\DirectExchange\RabbitMQ.Exchanges.DirectExchange.Consumer\RabbitMQ.Exchanges.DirectExchange.Consumer.csproj", "{B51609D6-448F-4B7B-9731-7262AADC97CF}"
EndProject
Project("{2150E333-8FDC-42A3-9474-1A3956D46DE8}") = "FanoutExchange", "FanoutExchange", "{2B02C461-622D-45C8-8AC8-2F3BE0A782FA}"
EndProject
Project("{FAE04EC0-301F-11D3-BF4B-00C04F79EFBC}") = "RabbitMQ.Exchanges.FanoutExchange.Consumer", "Exchanges\FanoutExchange\RabbitMQ.Exchanges.FanoutExchange.Consumer\RabbitMQ.Exchanges.FanoutExchange.Consumer.csproj", "{C0C3C9FB-AE1F-4A37-9288-118E764FE8E6}"
EndProject
Project("{FAE04EC0-301F-11D3-BF4B-00C04F79EFBC}") = "RabbitMQ.Exchanges.FanoutExchange.Publisher", "Exchanges\FanoutExchange\RabbitMQ.Exchanges.FanoutExchange.Publisher\RabbitMQ.Exchanges.FanoutExchange.Publisher.csproj", "{661619CA-D5A5-4C8E-A8BC-B2167EA1DA14}"
EndProject
Project("{2150E333-8FDC-42A3-9474-1A3956D46DE8}") = "TopicExchange", "TopicExchange", "{9AE9518A-9CA9-4E1E-B697-95375BCF10ED}"
EndProject
Project("{FAE04EC0-301F-11D3-BF4B-00C04F79EFBC}") = "RabbitMQ.Exchanges.TopicExchange.Consumer", "Exchanges\TopicExchange\RabbitMQ.Exchanges.TopicExchange.Consumer\RabbitMQ.Exchanges.TopicExchange.Consumer.csproj", "{A019A145-49A8-4215-A584-E62F9E9AEC8A}"
EndProject
Project("{FAE04EC0-301F-11D3-BF4B-00C04F79EFBC}") = "RabbitMQ.Exchanges.TopicExchange.Publisher", "Exchanges\TopicExchange\RabbitMQ.Exchanges.TopicExchange.Publisher\RabbitMQ.Exchanges.TopicExchange.Publisher.csproj", "{EA7FEBAC-BBF6-4E0F-8C5E-B027C7D1515A}"
EndProject
Project("{2150E333-8FDC-42A3-9474-1A3956D46DE8}") = "HeaderExchange", "HeaderExchange", "{9CA4C58E-CB47-4554-B60A-AA55AAAD22B9}"
EndProject
Project("{FAE04EC0-301F-11D3-BF4B-00C04F79EFBC}") = "RabbitMQ.Exchanges.HeaderExchange.Publisher", "Exchanges\HeaderExchange\RabbitMQ.Exchanges.HeaderExchange.Publisher\RabbitMQ.Exchanges.HeaderExchange.Publisher.csproj", "{4DEAE6DA-25A4-4CE0-9A2C-F77029289AC2}"
EndProject
Project("{FAE04EC0-301F-11D3-BF4B-00C04F79EFBC}") = "RabbitMQ.Exchanges.HeaderExchange.Consumer", "Exchanges\HeaderExchange\RabbitMQ.Exchanges.HeaderExchange.Consumer\RabbitMQ.Exchanges.HeaderExchange.Consumer.csproj", "{52DF8EFA-2A9C-4646-98B0-0EF1E9151FA7}"
EndProject
Global
	GlobalSection(SolutionConfigurationPlatforms) = preSolution
		Debug|Any CPU = Debug|Any CPU
		Release|Any CPU = Release|Any CPU
	EndGlobalSection
	GlobalSection(ProjectConfigurationPlatforms) = postSolution
		{9BF4F8A9-E2D4-48BE-8D22-03A081AC81C6}.Debug|Any CPU.ActiveCfg = Debug|Any CPU
		{9BF4F8A9-E2D4-48BE-8D22-03A081AC81C6}.Debug|Any CPU.Build.0 = Debug|Any CPU
		{9BF4F8A9-E2D4-48BE-8D22-03A081AC81C6}.Release|Any CPU.ActiveCfg = Release|Any CPU
		{9BF4F8A9-E2D4-48BE-8D22-03A081AC81C6}.Release|Any CPU.Build.0 = Release|Any CPU
		{213E6E1D-83D5-4733-AFCE-713407FAEEA8}.Debug|Any CPU.ActiveCfg = Debug|Any CPU
		{213E6E1D-83D5-4733-AFCE-713407FAEEA8}.Debug|Any CPU.Build.0 = Debug|Any CPU
		{213E6E1D-83D5-4733-AFCE-713407FAEEA8}.Release|Any CPU.ActiveCfg = Release|Any CPU
		{213E6E1D-83D5-4733-AFCE-713407FAEEA8}.Release|Any CPU.Build.0 = Release|Any CPU
		{DFE318AC-7FD9-48C1-BFEB-428B4E526450}.Debug|Any CPU.ActiveCfg = Debug|Any CPU
		{DFE318AC-7FD9-48C1-BFEB-428B4E526450}.Debug|Any CPU.Build.0 = Debug|Any CPU
		{DFE318AC-7FD9-48C1-BFEB-428B4E526450}.Release|Any CPU.ActiveCfg = Release|Any CPU
		{DFE318AC-7FD9-48C1-BFEB-428B4E526450}.Release|Any CPU.Build.0 = Release|Any CPU
		{B51609D6-448F-4B7B-9731-7262AADC97CF}.Debug|Any CPU.ActiveCfg = Debug|Any CPU
		{B51609D6-448F-4B7B-9731-7262AADC97CF}.Debug|Any CPU.Build.0 = Debug|Any CPU
		{B51609D6-448F-4B7B-9731-7262AADC97CF}.Release|Any CPU.ActiveCfg = Release|Any CPU
		{B51609D6-448F-4B7B-9731-7262AADC97CF}.Release|Any CPU.Build.0 = Release|Any CPU
		{C0C3C9FB-AE1F-4A37-9288-118E764FE8E6}.Debug|Any CPU.ActiveCfg = Debug|Any CPU
		{C0C3C9FB-AE1F-4A37-9288-118E764FE8E6}.Debug|Any CPU.Build.0 = Debug|Any CPU
		{C0C3C9FB-AE1F-4A37-9288-118E764FE8E6}.Release|Any CPU.ActiveCfg = Release|Any CPU
		{C0C3C9FB-AE1F-4A37-9288-118E764FE8E6}.Release|Any CPU.Build.0 = Release|Any CPU
		{661619CA-D5A5-4C8E-A8BC-B2167EA1DA14}.Debug|Any CPU.ActiveCfg = Debug|Any CPU
		{661619CA-D5A5-4C8E-A8BC-B2167EA1DA14}.Debug|Any CPU.Build.0 = Debug|Any CPU
		{661619CA-D5A5-4C8E-A8BC-B2167EA1DA14}.Release|Any CPU.ActiveCfg = Release|Any CPU
		{661619CA-D5A5-4C8E-A8BC-B2167EA1DA14}.Release|Any CPU.Build.0 = Release|Any CPU
		{A019A145-49A8-4215-A584-E62F9E9AEC8A}.Debug|Any CPU.ActiveCfg = Debug|Any CPU
		{A019A145-49A8-4215-A584-E62F9E9AEC8A}.Debug|Any CPU.Build.0 = Debug|Any CPU
		{A019A145-49A8-4215-A584-E62F9E9AEC8A}.Release|Any CPU.ActiveCfg = Release|Any CPU
		{A019A145-49A8-4215-A584-E62F9E9AEC8A}.Release|Any CPU.Build.0 = Release|Any CPU
		{EA7FEBAC-BBF6-4E0F-8C5E-B027C7D1515A}.Debug|Any CPU.ActiveCfg = Debug|Any CPU
		{EA7FEBAC-BBF6-4E0F-8C5E-B027C7D1515A}.Debug|Any CPU.Build.0 = Debug|Any CPU
		{EA7FEBAC-BBF6-4E0F-8C5E-B027C7D1515A}.Release|Any CPU.ActiveCfg = Release|Any CPU
		{EA7FEBAC-BBF6-4E0F-8C5E-B027C7D1515A}.Release|Any CPU.Build.0 = Release|Any CPU
		{4DEAE6DA-25A4-4CE0-9A2C-F77029289AC2}.Debug|Any CPU.ActiveCfg = Debug|Any CPU
		{4DEAE6DA-25A4-4CE0-9A2C-F77029289AC2}.Debug|Any CPU.Build.0 = Debug|Any CPU
		{4DEAE6DA-25A4-4CE0-9A2C-F77029289AC2}.Release|Any CPU.ActiveCfg = Release|Any CPU
		{4DEAE6DA-25A4-4CE0-9A2C-F77029289AC2}.Release|Any CPU.Build.0 = Release|Any CPU
		{52DF8EFA-2A9C-4646-98B0-0EF1E9151FA7}.Debug|Any CPU.ActiveCfg = Debug|Any CPU
		{52DF8EFA-2A9C-4646-98B0-0EF1E9151FA7}.Debug|Any CPU.Build.0 = Debug|Any CPU
		{52DF8EFA-2A9C-4646-98B0-0EF1E9151FA7}.Release|Any CPU.ActiveCfg = Release|Any CPU
		{52DF8EFA-2A9C-4646-98B0-0EF1E9151FA7}.Release|Any CPU.Build.0 = Release|Any CPU
	EndGlobalSection
	GlobalSection(SolutionProperties) = preSolution
		HideSolutionNode = FALSE
	EndGlobalSection
	GlobalSection(NestedProjects) = preSolution
		{9BF4F8A9-E2D4-48BE-8D22-03A081AC81C6} = {7413C349-9E7D-4FB0-8CEF-45B2E907A7CC}
		{213E6E1D-83D5-4733-AFCE-713407FAEEA8} = {7413C349-9E7D-4FB0-8CEF-45B2E907A7CC}
		{4F5EA48F-DFC8-4842-98C5-6F0E2C66C694} = {BF151BDB-29D8-4802-BEC0-14953E12247A}
		{DFE318AC-7FD9-48C1-BFEB-428B4E526450} = {4F5EA48F-DFC8-4842-98C5-6F0E2C66C694}
		{B51609D6-448F-4B7B-9731-7262AADC97CF} = {4F5EA48F-DFC8-4842-98C5-6F0E2C66C694}
		{2B02C461-622D-45C8-8AC8-2F3BE0A782FA} = {BF151BDB-29D8-4802-BEC0-14953E12247A}
		{C0C3C9FB-AE1F-4A37-9288-118E764FE8E6} = {2B02C461-622D-45C8-8AC8-2F3BE0A782FA}
		{661619CA-D5A5-4C8E-A8BC-B2167EA1DA14} = {2B02C461-622D-45C8-8AC8-2F3BE0A782FA}
		{9AE9518A-9CA9-4E1E-B697-95375BCF10ED} = {BF151BDB-29D8-4802-BEC0-14953E12247A}
		{A019A145-49A8-4215-A584-E62F9E9AEC8A} = {9AE9518A-9CA9-4E1E-B697-95375BCF10ED}
		{EA7FEBAC-BBF6-4E0F-8C5E-B027C7D1515A} = {9AE9518A-9CA9-4E1E-B697-95375BCF10ED}
		{9CA4C58E-CB47-4554-B60A-AA55AAAD22B9} = {BF151BDB-29D8-4802-BEC0-14953E12247A}
		{4DEAE6DA-25A4-4CE0-9A2C-F77029289AC2} = {9CA4C58E-CB47-4554-B60A-AA55AAAD22B9}
		{52DF8EFA-2A9C-4646-98B0-0EF1E9151FA7} = {9CA4C58E-CB47-4554-B60A-AA55AAAD22B9}
	EndGlobalSection
	GlobalSection(ExtensibilityGlobals) = postSolution
		SolutionGuid = {C8A88867-66EF-485D-BBBB-39FFBF7836E6}
	EndGlobalSection
EndGlobal
